
Microsoft Visual Studio Solution File, Format Version 12.00
# Visual Studio Version 16
VisualStudioVersion = 16.0.31410.357
MinimumVisualStudioVersion = 10.0.40219.1
Project("{FAE04EC0-301F-11D3-BF4B-00C04F79EFBC}") = "Programers.Shared", "Programers.Shared\Programers.Shared.csproj", "{504C3728-E465-4E41-9A16-D4B596B9BFA1}"
EndProject
Project("{FAE04EC0-301F-11D3-BF4B-00C04F79EFBC}") = "Programers.Entities", "Programers.Etities\Programers.Entities.csproj", "{B2859E74-CE4D-4E9D-9E3E-B901348DAF2E}"
EndProject
Project("{FAE04EC0-301F-11D3-BF4B-00C04F79EFBC}") = "Programers.Data", "Programers.Data\Programers.Data.csproj", "{679BF266-C6D5-4C8D-BD41-8B397BC3842E}"
EndProject
Project("{FAE04EC0-301F-11D3-BF4B-00C04F79EFBC}") = "Programers.Services", "Programers.Services\Programers.Services.csproj", "{C422FC55-4C9C-4A22-A1FA-97E69C7EF944}"
EndProject
Project("{FAE04EC0-301F-11D3-BF4B-00C04F79EFBC}") = "Programers.Mvc", "Programers.Mvc\Programers.Mvc.csproj", "{95053EBD-1851-4FA4-A1B6-282658C71A85}"
EndProject
Global
	GlobalSection(SolutionConfigurationPlatforms) = preSolution
		Debug|Any CPU = Debug|Any CPU
		Release|Any CPU = Release|Any CPU
	EndGlobalSection
	GlobalSection(ProjectConfigurationPlatforms) = postSolution
		{504C3728-E465-4E41-9A16-D4B596B9BFA1}.Debug|Any CPU.ActiveCfg = Debug|Any CPU
		{504C3728-E465-4E41-9A16-D4B596B9BFA1}.Debug|Any CPU.Build.0 = Debug|Any CPU
		{504C3728-E465-4E41-9A16-D4B596B9BFA1}.Release|Any CPU.ActiveCfg = Release|Any CPU
		{504C3728-E465-4E41-9A16-D4B596B9BFA1}.Release|Any CPU.Build.0 = Release|Any CPU
		{B2859E74-CE4D-4E9D-9E3E-B901348DAF2E}.Debug|Any CPU.ActiveCfg = Debug|Any CPU
		{B2859E74-CE4D-4E9D-9E3E-B901348DAF2E}.Debug|Any CPU.Build.0 = Debug|Any CPU
		{B2859E74-CE4D-4E9D-9E3E-B901348DAF2E}.Release|Any CPU.ActiveCfg = Release|Any CPU
		{B2859E74-CE4D-4E9D-9E3E-B901348DAF2E}.Release|Any CPU.Build.0 = Release|Any CPU
		{679BF266-C6D5-4C8D-BD41-8B397BC3842E}.Debug|Any CPU.ActiveCfg = Debug|Any CPU
		{679BF266-C6D5-4C8D-BD41-8B397BC3842E}.Debug|Any CPU.Build.0 = Debug|Any CPU
		{679BF266-C6D5-4C8D-BD41-8B397BC3842E}.Release|Any CPU.ActiveCfg = Release|Any CPU
		{679BF266-C6D5-4C8D-BD41-8B397BC3842E}.Release|Any CPU.Build.0 = Release|Any CPU
		{C422FC55-4C9C-4A22-A1FA-97E69C7EF944}.Debug|Any CPU.ActiveCfg = Debug|Any CPU
		{C422FC55-4C9C-4A22-A1FA-97E69C7EF944}.Debug|Any CPU.Build.0 = Debug|Any CPU
		{C422FC55-4C9C-4A22-A1FA-97E69C7EF944}.Release|Any CPU.ActiveCfg = Release|Any CPU
		{C422FC55-4C9C-4A22-A1FA-97E69C7EF944}.Release|Any CPU.Build.0 = Release|Any CPU
		{95053EBD-1851-4FA4-A1B6-282658C71A85}.Debug|Any CPU.ActiveCfg = Debug|Any CPU
		{95053EBD-1851-4FA4-A1B6-282658C71A85}.Debug|Any CPU.Build.0 = Debug|Any CPU
		{95053EBD-1851-4FA4-A1B6-282658C71A85}.Release|Any CPU.ActiveCfg = Release|Any CPU
		{95053EBD-1851-4FA4-A1B6-282658C71A85}.Release|Any CPU.Build.0 = Release|Any CPU
	EndGlobalSection
	GlobalSection(SolutionProperties) = preSolution
		HideSolutionNode = FALSE
	EndGlobalSection
	GlobalSection(ExtensibilityGlobals) = postSolution
		SolutionGuid = {769BEE6C-B215-449D-BC23-4DCD0A91F8E5}
	EndGlobalSection
EndGlobal
